
Microsoft Visual Studio Solution File, Format Version 12.00
# Visual Studio Version 17
VisualStudioVersion = 17.14.36301.6 d17.14
MinimumVisualStudioVersion = 10.0.40219.1
Project("{FAE04EC0-301F-11D3-BF4B-00C04F79EFBC}") = "DiversityPub", "DiversityPub.csproj", "{F46F34F1-DA9C-4A71-8A4C-E99D23277B54}"
EndProject
Global
	GlobalSection(SolutionConfigurationPlatforms) = preSolution
		Debug|Any CPU = Debug|Any CPU
		Release|Any CPU = Release|Any CPU
	EndGlobalSection
	GlobalSection(ProjectConfigurationPlatforms) = postSolution
		{F46F34F1-DA9C-4A71-8A4C-E99D23277B54}.Debug|Any CPU.ActiveCfg = Debug|Any CPU
		{F46F34F1-DA9C-4A71-8A4C-E99D23277B54}.Debug|Any CPU.Build.0 = Debug|Any CPU
		{F46F34F1-DA9C-4A71-8A4C-E99D23277B54}.Release|Any CPU.ActiveCfg = Release|Any CPU
		{F46F34F1-DA9C-4A71-8A4C-E99D23277B54}.Release|Any CPU.Build.0 = Release|Any CPU
	EndGlobalSection
	GlobalSection(SolutionProperties) = preSolution
		HideSolutionNode = FALSE
	EndGlobalSection
	GlobalSection(ExtensibilityGlobals) = postSolution
		SolutionGuid = {1624E6F3-611B-484E-9006-1D87E59E224E}
	EndGlobalSection
EndGlobal
